
Microsoft Visual Studio Solution File, Format Version 12.00
# Visual Studio 15
VisualStudioVersion = 15.0.28010.2016
MinimumVisualStudioVersion = 10.0.40219.1
Project("{FAE04EC0-301F-11D3-BF4B-00C04F79EFBC}") = "WebApplication1", "WebApplication1\WebApplication1.csproj", "{F7B932DC-B3E7-4D7A-BECE-A7FB59567013}"
EndProject
Global
	GlobalSection(SolutionConfigurationPlatforms) = preSolution
		Debug|Any CPU = Debug|Any CPU
		Release|Any CPU = Release|Any CPU
	EndGlobalSection
	GlobalSection(ProjectConfigurationPlatforms) = postSolution
		{F7B932DC-B3E7-4D7A-BECE-A7FB59567013}.Debug|Any CPU.ActiveCfg = Debug|Any CPU
		{F7B932DC-B3E7-4D7A-BECE-A7FB59567013}.Debug|Any CPU.Build.0 = Debug|Any CPU
		{F7B932DC-B3E7-4D7A-BECE-A7FB59567013}.Release|Any CPU.ActiveCfg = Release|Any CPU
		{F7B932DC-B3E7-4D7A-BECE-A7FB59567013}.Release|Any CPU.Build.0 = Release|Any CPU
	EndGlobalSection
	GlobalSection(SolutionProperties) = preSolution
		HideSolutionNode = FALSE
	EndGlobalSection
	GlobalSection(ExtensibilityGlobals) = postSolution
		SolutionGuid = {E82AA9DE-7B49-4C15-9C6F-C5B1F02C238D}
	EndGlobalSection
EndGlobal
